
Microsoft Visual Studio Solution File, Format Version 12.00
# Visual Studio 15
VisualStudioVersion = 15.0.27130.2010
MinimumVisualStudioVersion = 10.0.40219.1
Project("{FAE04EC0-301F-11D3-BF4B-00C04F79EFBC}") = "Snake", "Snake\Snake.csproj", "{0FC50F6A-F7AB-48B4-AD01-2F43B9931383}"
EndProject
Global
	GlobalSection(SolutionConfigurationPlatforms) = preSolution
		Debug|Any CPU = Debug|Any CPU
		Release|Any CPU = Release|Any CPU
	EndGlobalSection
	GlobalSection(ProjectConfigurationPlatforms) = postSolution
		{0FC50F6A-F7AB-48B4-AD01-2F43B9931383}.Debug|Any CPU.ActiveCfg = Debug|Any CPU
		{0FC50F6A-F7AB-48B4-AD01-2F43B9931383}.Debug|Any CPU.Build.0 = Debug|Any CPU
		{0FC50F6A-F7AB-48B4-AD01-2F43B9931383}.Release|Any CPU.ActiveCfg = Release|Any CPU
		{0FC50F6A-F7AB-48B4-AD01-2F43B9931383}.Release|Any CPU.Build.0 = Release|Any CPU
	EndGlobalSection
	GlobalSection(SolutionProperties) = preSolution
		HideSolutionNode = FALSE
	EndGlobalSection
	GlobalSection(ExtensibilityGlobals) = postSolution
		SolutionGuid = {6776F338-6229-42C1-BD8E-C7E6F07993BC}
	EndGlobalSection
EndGlobal
